
Microsoft Visual Studio Solution File, Format Version 12.00
# Visual Studio Version 17
VisualStudioVersion = 17.2.32516.85
MinimumVisualStudioVersion = 10.0.40219.1
Project("{9A19103F-16F7-4668-BE54-9A1E7A4F7556}") = "TramSchedule", "TramSchedule.csproj", "{157A2707-77D9-4929-B7D8-2D381142BAAC}"
EndProject
Project("{FAE04EC0-301F-11D3-BF4B-00C04F79EFBC}") = "TramSchedule.Data", "..\TramSchedule.Data\TramSchedule.Data.csproj", "{8EE4F81B-5B87-44E6-A0ED-EFB99FC049A6}"
EndProject
Project("{FAE04EC0-301F-11D3-BF4B-00C04F79EFBC}") = "TramSchedule.Logic", "..\TramSchedule.Logic\TramSchedule.Logic.csproj", "{D7DD7F52-ABD8-4138-AE83-96A69D2348F6}"
EndProject
Project("{FAE04EC0-301F-11D3-BF4B-00C04F79EFBC}") = "TramSchedule.Tests", "..\TramSchedule.Tests\TramSchedule.Tests.csproj", "{0908EC7A-01CB-4C26-8B3E-786617FFC54E}"
EndProject
Global
	GlobalSection(SolutionConfigurationPlatforms) = preSolution
		Debug|Any CPU = Debug|Any CPU
		Release|Any CPU = Release|Any CPU
	EndGlobalSection
	GlobalSection(ProjectConfigurationPlatforms) = postSolution
		{157A2707-77D9-4929-B7D8-2D381142BAAC}.Debug|Any CPU.ActiveCfg = Debug|Any CPU
		{157A2707-77D9-4929-B7D8-2D381142BAAC}.Debug|Any CPU.Build.0 = Debug|Any CPU
		{157A2707-77D9-4929-B7D8-2D381142BAAC}.Release|Any CPU.ActiveCfg = Release|Any CPU
		{157A2707-77D9-4929-B7D8-2D381142BAAC}.Release|Any CPU.Build.0 = Release|Any CPU
		{8EE4F81B-5B87-44E6-A0ED-EFB99FC049A6}.Debug|Any CPU.ActiveCfg = Debug|Any CPU
		{8EE4F81B-5B87-44E6-A0ED-EFB99FC049A6}.Debug|Any CPU.Build.0 = Debug|Any CPU
		{8EE4F81B-5B87-44E6-A0ED-EFB99FC049A6}.Release|Any CPU.ActiveCfg = Release|Any CPU
		{8EE4F81B-5B87-44E6-A0ED-EFB99FC049A6}.Release|Any CPU.Build.0 = Release|Any CPU
		{D7DD7F52-ABD8-4138-AE83-96A69D2348F6}.Debug|Any CPU.ActiveCfg = Debug|Any CPU
		{D7DD7F52-ABD8-4138-AE83-96A69D2348F6}.Debug|Any CPU.Build.0 = Debug|Any CPU
		{D7DD7F52-ABD8-4138-AE83-96A69D2348F6}.Release|Any CPU.ActiveCfg = Release|Any CPU
		{D7DD7F52-ABD8-4138-AE83-96A69D2348F6}.Release|Any CPU.Build.0 = Release|Any CPU
		{0908EC7A-01CB-4C26-8B3E-786617FFC54E}.Debug|Any CPU.ActiveCfg = Debug|Any CPU
		{0908EC7A-01CB-4C26-8B3E-786617FFC54E}.Debug|Any CPU.Build.0 = Debug|Any CPU
		{0908EC7A-01CB-4C26-8B3E-786617FFC54E}.Release|Any CPU.ActiveCfg = Release|Any CPU
		{0908EC7A-01CB-4C26-8B3E-786617FFC54E}.Release|Any CPU.Build.0 = Release|Any CPU
	EndGlobalSection
	GlobalSection(SolutionProperties) = preSolution
		HideSolutionNode = FALSE
	EndGlobalSection
	GlobalSection(ExtensibilityGlobals) = postSolution
		SolutionGuid = {DC883012-26B3-440A-8780-174864954108}
	EndGlobalSection
EndGlobal
